
Microsoft Visual Studio Solution File, Format Version 12.00
# Visual Studio Version 17
VisualStudioVersion = 17.12.35527.113
MinimumVisualStudioVersion = 10.0.40219.1
Project("{FAE04EC0-301F-11D3-BF4B-00C04F79EFBC}") = "TestProject.Core", "TestProject.Core\TestProject.Core.csproj", "{1F13D2F8-B6FD-409A-9909-764B9A019D95}"
EndProject
Project("{FAE04EC0-301F-11D3-BF4B-00C04F79EFBC}") = "TestProject.Infra.Implements", "TestProject.Infra.Implements\TestProject.Infra.Implements.csproj", "{61FA081E-8AFE-465B-9750-330BD21C501A}"
EndProject
Project("{FAE04EC0-301F-11D3-BF4B-00C04F79EFBC}") = "TestProject.App.Infra.Contracts", "TestProject.App.Infra.Contracts\TestProject.App.Infra.Contracts.csproj", "{BD364B2A-6312-454C-824C-3BBC0DF24302}"
EndProject
Project("{2150E333-8FDC-42A3-9474-1A3956D46DE8}") = "App", "App", "{85C092A6-FB9F-480A-AB81-D9B60649C076}"
EndProject
Project("{2150E333-8FDC-42A3-9474-1A3956D46DE8}") = "Infra", "Infra", "{7047969B-4E24-4A93-B09A-98382666317A}"
EndProject
Project("{FAE04EC0-301F-11D3-BF4B-00C04F79EFBC}") = "TestProject.WebHost", "TestProject.WebHost\TestProject.WebHost.csproj", "{C9A444D2-5DA2-4082-8D5B-5BF0355C44B1}"
EndProject
Global
	GlobalSection(SolutionConfigurationPlatforms) = preSolution
		Debug|Any CPU = Debug|Any CPU
		Release|Any CPU = Release|Any CPU
	EndGlobalSection
	GlobalSection(ProjectConfigurationPlatforms) = postSolution
		{1F13D2F8-B6FD-409A-9909-764B9A019D95}.Debug|Any CPU.ActiveCfg = Debug|Any CPU
		{1F13D2F8-B6FD-409A-9909-764B9A019D95}.Debug|Any CPU.Build.0 = Debug|Any CPU
		{1F13D2F8-B6FD-409A-9909-764B9A019D95}.Release|Any CPU.ActiveCfg = Release|Any CPU
		{1F13D2F8-B6FD-409A-9909-764B9A019D95}.Release|Any CPU.Build.0 = Release|Any CPU
		{61FA081E-8AFE-465B-9750-330BD21C501A}.Debug|Any CPU.ActiveCfg = Debug|Any CPU
		{61FA081E-8AFE-465B-9750-330BD21C501A}.Debug|Any CPU.Build.0 = Debug|Any CPU
		{61FA081E-8AFE-465B-9750-330BD21C501A}.Release|Any CPU.ActiveCfg = Release|Any CPU
		{61FA081E-8AFE-465B-9750-330BD21C501A}.Release|Any CPU.Build.0 = Release|Any CPU
		{BD364B2A-6312-454C-824C-3BBC0DF24302}.Debug|Any CPU.ActiveCfg = Debug|Any CPU
		{BD364B2A-6312-454C-824C-3BBC0DF24302}.Debug|Any CPU.Build.0 = Debug|Any CPU
		{BD364B2A-6312-454C-824C-3BBC0DF24302}.Release|Any CPU.ActiveCfg = Release|Any CPU
		{BD364B2A-6312-454C-824C-3BBC0DF24302}.Release|Any CPU.Build.0 = Release|Any CPU
		{C9A444D2-5DA2-4082-8D5B-5BF0355C44B1}.Debug|Any CPU.ActiveCfg = Debug|Any CPU
		{C9A444D2-5DA2-4082-8D5B-5BF0355C44B1}.Debug|Any CPU.Build.0 = Debug|Any CPU
		{C9A444D2-5DA2-4082-8D5B-5BF0355C44B1}.Release|Any CPU.ActiveCfg = Release|Any CPU
		{C9A444D2-5DA2-4082-8D5B-5BF0355C44B1}.Release|Any CPU.Build.0 = Release|Any CPU
	EndGlobalSection
	GlobalSection(SolutionProperties) = preSolution
		HideSolutionNode = FALSE
	EndGlobalSection
	GlobalSection(NestedProjects) = preSolution
		{1F13D2F8-B6FD-409A-9909-764B9A019D95} = {85C092A6-FB9F-480A-AB81-D9B60649C076}
		{61FA081E-8AFE-465B-9750-330BD21C501A} = {7047969B-4E24-4A93-B09A-98382666317A}
		{BD364B2A-6312-454C-824C-3BBC0DF24302} = {85C092A6-FB9F-480A-AB81-D9B60649C076}
	EndGlobalSection
EndGlobal
